{
  "name": "Portafolio",
  "version": "1.0.0",
  "lockfileVersion": 1,
  "requires": true,
  "dependencies": {
    "@vizuaalog/bulmajs": {
      "version": "0.10.3",
      "resolved": "https://registry.npmjs.org/@vizuaalog/bulmajs/-/bulmajs-0.10.3.tgz",
      "integrity": "sha512-yvm3y1thOJOsR5OyOWs3MVW958kUmtlMJzuKULItIpqx2UgawMdWQ11trpn+/sdZCg7zgBrtHGV1P3cETLkA7g=="
    }
  }
}
